
Microsoft Visual Studio Solution File, Format Version 12.00
# Visual Studio 2013
VisualStudioVersion = 12.0.31101.0
MinimumVisualStudioVersion = 10.0.40219.1
Project("{FAE04EC0-301F-11D3-BF4B-00C04F79EFBC}") = "HotelAdvisor", "HotelAdvisor\HotelAdvisor.csproj", "{5CCFFB97-B336-4D96-8142-27443BF54906}"
EndProject
Project("{FAE04EC0-301F-11D3-BF4B-00C04F79EFBC}") = "HotelAdvisorDAL", "HotelAdvisorDAL\HotelAdvisorDAL.csproj", "{F198545D-B38B-4265-BD52-E62849B3503E}"
EndProject
Global
	GlobalSection(TeamFoundationVersionControl) = preSolution
		SccNumberOfProjects = 3
		SccEnterpriseProvider = {4CA58AB2-18FA-4F8D-95D4-32DDF27D184C}
		SccTeamFoundationServer = https://babinnemanja.visualstudio.com/defaultcollection
		SccLocalPath0 = .
		SccProjectUniqueName1 = HotelAdvisor\\HotelAdvisor.csproj
		SccProjectName1 = HotelAdvisor
		SccLocalPath1 = HotelAdvisor
		SccProjectUniqueName2 = HotelAdvisorDAL\\HotelAdvisorDAL.csproj
		SccProjectName2 = HotelAdvisorDAL
		SccLocalPath2 = HotelAdvisorDAL
	EndGlobalSection
	GlobalSection(SolutionConfigurationPlatforms) = preSolution
		Debug|Any CPU = Debug|Any CPU
		Release|Any CPU = Release|Any CPU
	EndGlobalSection
	GlobalSection(ProjectConfigurationPlatforms) = postSolution
		{5CCFFB97-B336-4D96-8142-27443BF54906}.Debug|Any CPU.ActiveCfg = Debug|Any CPU
		{5CCFFB97-B336-4D96-8142-27443BF54906}.Debug|Any CPU.Build.0 = Debug|Any CPU
		{5CCFFB97-B336-4D96-8142-27443BF54906}.Release|Any CPU.ActiveCfg = Release|Any CPU
		{5CCFFB97-B336-4D96-8142-27443BF54906}.Release|Any CPU.Build.0 = Release|Any CPU
		{F198545D-B38B-4265-BD52-E62849B3503E}.Debug|Any CPU.ActiveCfg = Debug|Any CPU
		{F198545D-B38B-4265-BD52-E62849B3503E}.Debug|Any CPU.Build.0 = Debug|Any CPU
		{F198545D-B38B-4265-BD52-E62849B3503E}.Release|Any CPU.ActiveCfg = Release|Any CPU
		{F198545D-B38B-4265-BD52-E62849B3503E}.Release|Any CPU.Build.0 = Release|Any CPU
	EndGlobalSection
	GlobalSection(SolutionProperties) = preSolution
		HideSolutionNode = FALSE
	EndGlobalSection
EndGlobal
